
Microsoft Visual Studio Solution File, Format Version 12.00
# Visual Studio Version 17
VisualStudioVersion = 17.5.33530.505
MinimumVisualStudioVersion = 10.0.40219.1
Project("{9A19103F-16F7-4668-BE54-9A1E7A4F7556}") = "Backend", "Backend\Backend.csproj", "{F6524FF9-6763-4674-9924-19C150196674}"
EndProject
Project("{9A19103F-16F7-4668-BE54-9A1E7A4F7556}") = "DAL", "DAL\DAL.csproj", "{7DE1D89C-C12F-40A7-B0E4-9F729DBB3271}"
EndProject
Project("{FAE04EC0-301F-11D3-BF4B-00C04F79EFBC}") = "BAL", "BAL\BAL.csproj", "{52E27ADC-0DCA-41BB-BBCC-D3505105E9DC}"
EndProject
Project("{FAE04EC0-301F-11D3-BF4B-00C04F79EFBC}") = "Common", "Common\Common.csproj", "{28172660-341E-497A-9417-65453EDB47F8}"
EndProject
Global
	GlobalSection(SolutionConfigurationPlatforms) = preSolution
		Debug|Any CPU = Debug|Any CPU
		Release|Any CPU = Release|Any CPU
	EndGlobalSection
	GlobalSection(ProjectConfigurationPlatforms) = postSolution
		{F6524FF9-6763-4674-9924-19C150196674}.Debug|Any CPU.ActiveCfg = Debug|Any CPU
		{F6524FF9-6763-4674-9924-19C150196674}.Debug|Any CPU.Build.0 = Debug|Any CPU
		{F6524FF9-6763-4674-9924-19C150196674}.Release|Any CPU.ActiveCfg = Release|Any CPU
		{F6524FF9-6763-4674-9924-19C150196674}.Release|Any CPU.Build.0 = Release|Any CPU
		{7DE1D89C-C12F-40A7-B0E4-9F729DBB3271}.Debug|Any CPU.ActiveCfg = Debug|Any CPU
		{7DE1D89C-C12F-40A7-B0E4-9F729DBB3271}.Debug|Any CPU.Build.0 = Debug|Any CPU
		{7DE1D89C-C12F-40A7-B0E4-9F729DBB3271}.Release|Any CPU.ActiveCfg = Release|Any CPU
		{7DE1D89C-C12F-40A7-B0E4-9F729DBB3271}.Release|Any CPU.Build.0 = Release|Any CPU
		{52E27ADC-0DCA-41BB-BBCC-D3505105E9DC}.Debug|Any CPU.ActiveCfg = Debug|Any CPU
		{52E27ADC-0DCA-41BB-BBCC-D3505105E9DC}.Debug|Any CPU.Build.0 = Debug|Any CPU
		{52E27ADC-0DCA-41BB-BBCC-D3505105E9DC}.Release|Any CPU.ActiveCfg = Release|Any CPU
		{52E27ADC-0DCA-41BB-BBCC-D3505105E9DC}.Release|Any CPU.Build.0 = Release|Any CPU
		{28172660-341E-497A-9417-65453EDB47F8}.Debug|Any CPU.ActiveCfg = Debug|Any CPU
		{28172660-341E-497A-9417-65453EDB47F8}.Debug|Any CPU.Build.0 = Debug|Any CPU
		{28172660-341E-497A-9417-65453EDB47F8}.Release|Any CPU.ActiveCfg = Release|Any CPU
		{28172660-341E-497A-9417-65453EDB47F8}.Release|Any CPU.Build.0 = Release|Any CPU
	EndGlobalSection
	GlobalSection(SolutionProperties) = preSolution
		HideSolutionNode = FALSE
	EndGlobalSection
	GlobalSection(ExtensibilityGlobals) = postSolution
		SolutionGuid = {E9852316-A2AD-43F3-8593-F829AB70DD65}
	EndGlobalSection
EndGlobal
